// !$*UTF8*$!
{
	archiveVersion = 1;
	classes = {
	};
	objectVersion = 46;
	objects = {

/* Begin PBXBuildFile section */
		24FA28EB1D21C19400B94CED /* AppDelegate.swift in Sources */ = {isa = PBXBuildFile; fileRef = 24FA28EA1D21C19400B94CED /* AppDelegate.swift */; };
		24FA28ED1D21C19400B94CED /* ViewController.swift in Sources */ = {isa = PBXBuildFile; fileRef = 24FA28EC1D21C19400B94CED /* ViewController.swift */; };
		24FA28F01D21C19400B94CED /* Main.storyboard in Resources */ = {isa = PBXBuildFile; fileRef = 24FA28EE1D21C19400B94CED /* Main.storyboard */; };
		24FA28F31D21C19400B94CED /* Pokemon.xcdatamodeld in Sources */ = {isa = PBXBuildFile; fileRef = 24FA28F11D21C19400B94CED /* Pokemon.xcdatamodeld */; };
		24FA28F51D21C19400B94CED /* Assets.xcassets in Resources */ = {isa = PBXBuildFile; fileRef = 24FA28F41D21C19400B94CED /* Assets.xcassets */; };
		24FA28F81D21C19400B94CED /* LaunchScreen.storyboard in Resources */ = {isa = PBXBuildFile; fileRef = 24FA28F61D21C19400B94CED /* LaunchScreen.storyboard */; };
		24FA29031D21C19400B94CED /* PokemonTests.swift in Sources */ = {isa = PBXBuildFile; fileRef = 24FA29021D21C19400B94CED /* PokemonTests.swift */; };
		24FA290E1D21C19400B94CED /* PokemonUITests.swift in Sources */ = {isa = PBXBuildFile; fileRef = 24FA290D1D21C19400B94CED /* PokemonUITests.swift */; };
/* End PBXBuildFile section */

/* Begin PBXContainerItemProxy section */
		24FA28FF1D21C19400B94CED /* PBXContainerItemProxy */ = {
			isa = PBXContainerItemProxy;
			containerPortal = 24FA28DF1D21C19300B94CED /* Project object */;
			proxyType = 1;
			remoteGlobalIDString = 24FA28E61D21C19400B94CED;
			remoteInfo = Pokemon;
		};
		24FA290A1D21C19400B94CED /* PBXContainerItemProxy */ = {
			isa = PBXContainerItemProxy;
			containerPortal = 24FA28DF1D21C19300B94CED /* Project object */;
			proxyType = 1;
			remoteGlobalIDString = 24FA28E61D21C19400B94CED;
			remoteInfo = Pokemon;
		};
/* End PBXContainerItemProxy section */

/* Begin PBXFileReference section */
		24FA28E71D21C19400B94CED /* Pokemon.app */ = {isa = PBXFileReference; explicitFileType = wrapper.application; includeInIndex = 0; path = Pokemon.app; sourceTree = BUILT_PRODUCTS_DIR; };
		24FA28EA1D21C19400B94CED /* AppDelegate.swift */ = {isa = PBXFileReference; lastKnownFileType = sourcecode.swift; path = AppDelegate.swift; sourceTree = "<group>"; };
		24FA28EC1D21C19400B94CED /* ViewController.swift */ = {isa = PBXFileReference; lastKnownFileType = sourcecode.swift; path = ViewController.swift; sourceTree = "<group>"; };
		24FA28EF1D21C19400B94CED /* Base */ = {isa = PBXFileReference; lastKnownFileType = file.storyboard; name = Base; path = Base.lproj/Main.storyboard; sourceTree = "<group>"; };
		24FA28F21D21C19400B94CED /* Pokemon.xcdatamodel */ = {isa = PBXFileReference; lastKnownFileType = wrapper.xcdatamodel; path = Pokemon.xcdatamodel; sourceTree = "<group>"; };
		24FA28F41D21C19400B94CED /* Assets.xcassets */ = {isa = PBXFileReference; lastKnownFileType = folder.assetcatalog; path = Assets.xcassets; sourceTree = "<group>"; };
		24FA28F71D21C19400B94CED /* Base */ = {isa = PBXFileReference; lastKnownFileType = file.storyboard; name = Base; path = Base.lproj/LaunchScreen.storyboard; sourceTree = "<group>"; };
		24FA28F91D21C19400B94CED /* Info.plist */ = {isa = PBXFileReference; lastKnownFileType = text.plist.xml; path = Info.plist; sourceTree = "<group>"; };
		24FA28FE1D21C19400B94CED /* PokemonTests.xctest */ = {isa = PBXFileReference; explicitFileType = wrapper.cfbundle; includeInIndex = 0; path = PokemonTests.xctest; sourceTree = BUILT_PRODUCTS_DIR; };
		24FA29021D21C19400B94CED /* PokemonTests.swift */ = {isa = PBXFileReference; lastKnownFileType = sourcecode.swift; path = PokemonTests.swift; sourceTree = "<group>"; };
		24FA29041D21C19400B94CED /* Info.plist */ = {isa = PBXFileReference; lastKnownFileType = text.plist.xml; path = Info.plist; sourceTree = "<group>"; };
		24FA29091D21C19400B94CED /* PokemonUITests.xctest */ = {isa = PBXFileReference; explicitFileType = wrapper.cfbundle; includeInIndex = 0; path = PokemonUITests.xctest; sourceTree = BUILT_PRODUCTS_DIR; };
		24FA290D1D21C19400B94CED /* PokemonUITests.swift */ = {isa = PBXFileReference; lastKnownFileType = sourcecode.swift; path = PokemonUITests.swift; sourceTree = "<group>"; };
		24FA290F1D21C19400B94CED /* Info.plist */ = {isa = PBXFileReference; lastKnownFileType = text.plist.xml; path = Info.plist; sourceTree = "<group>"; };
/* End PBXFileReference section */

/* Begin PBXFrameworksBuildPhase section */
		24FA28E41D21C19400B94CED /* Frameworks */ = {
			isa = PBXFrameworksBuildPhase;
			buildActionMask = 2147483647;
			files = (
			);
			runOnlyForDeploymentPostprocessing = 0;
		};
		24FA28FB1D21C19400B94CED /* Frameworks */ = {
			isa = PBXFrameworksBuildPhase;
			buildActionMask = 2147483647;
			files = (
			);
			runOnlyForDeploymentPostprocessing = 0;
		};
		24FA29061D21C19400B94CED /* Frameworks */ = {
			isa = PBXFrameworksBuildPhase;
			buildActionMask = 2147483647;
			files = (
			);
			runOnlyForDeploymentPostprocessing = 0;
		};
/* End PBXFrameworksBuildPhase section */

/* Begin PBXGroup section */
		24FA28DE1D21C19300B94CED = {
			isa = PBXGroup;
			children = (
				24FA28E91D21C19400B94CED /* Pokemon */,
				24FA29011D21C19400B94CED /* PokemonTests */,
				24FA290C1D21C19400B94CED /* PokemonUITests */,
				24FA28E81D21C19400B94CED /* Products */,
			);
			sourceTree = "<group>";
		};
		24FA28E81D21C19400B94CED /* Products */ = {
			isa = PBXGroup;
			children = (
				24FA28E71D21C19400B94CED /* Pokemon.app */,
				24FA28FE1D21C19400B94CED /* PokemonTests.xctest */,
				24FA29091D21C19400B94CED /* PokemonUITests.xctest */,
			);
			name = Products;
			sourceTree = "<group>";
		};
		24FA28E91D21C19400B94CED /* Pokemon */ = {
			isa = PBXGroup;
			children = (
				24FA28EA1D21C19400B94CED /* AppDelegate.swift */,
				24FA28EC1D21C19400B94CED /* ViewController.swift */,
				24FA28EE1D21C19400B94CED /* Main.storyboard */,
				24FA28F41D21C19400B94CED /* Assets.xcassets */,
				24FA28F61D21C19400B94CED /* LaunchScreen.storyboard */,
				24FA28F91D21C19400B94CED /* Info.plist */,
				24FA28F11D21C19400B94CED /* Pokemon.xcdatamodeld */,
			);
			path = Pokemon;
			sourceTree = "<group>";
		};
		24FA29011D21C19400B94CED /* PokemonTests */ = {
			isa = PBXGroup;
			children = (
				24FA29021D21C19400B94CED /* PokemonTests.swift */,
				24FA29041D21C19400B94CED /* Info.plist */,
			);
			path = PokemonTests;
			sourceTree = "<group>";
		};
		24FA290C1D21C19400B94CED /* PokemonUITests */ = {
			isa = PBXGroup;
			children = (
				24FA290D1D21C19400B94CED /* PokemonUITests.swift */,
				24FA290F1D21C19400B94CED /* Info.plist */,
			);
			path = PokemonUITests;
			sourceTree = "<group>";
		};
/* End PBXGroup section */

/* Begin PBXNativeTarget section */
		24FA28E61D21C19400B94CED /* Pokemon */ = {
			isa = PBXNativeTarget;
			buildConfigurationList = 24FA29121D21C19400B94CED /* Build configuration list for PBXNativeTarget "Pokemon" */;
			buildPhases = (
				24FA28E31D21C19400B94CED /* Sources */,
				24FA28E41D21C19400B94CED /* Frameworks */,
				24FA28E51D21C19400B94CED /* Resources */,
			);
			buildRules = (
			);
			dependencies = (
			);
			name = Pokemon;
			productName = Pokemon;
			productReference = 24FA28E71D21C19400B94CED /* Pokemon.app */;
			productType = "com.apple.product-type.application";
		};
		24FA28FD1D21C19400B94CED /* PokemonTests */ = {
			isa = PBXNativeTarget;
			buildConfigurationList = 24FA29151D21C19400B94CED /* Build configuration list for PBXNativeTarget "PokemonTests" */;
			buildPhases = (
				24FA28FA1D21C19400B94CED /* Sources */,
				24FA28FB1D21C19400B94CED /* Frameworks */,
				24FA28FC1D21C19400B94CED /* Resources */,
			);
			buildRules = (
			);
			dependencies = (
				24FA29001D21C19400B94CED /* PBXTargetDependency */,
			);
			name = PokemonTests;
			productName = PokemonTests;
			productReference = 24FA28FE1D21C19400B94CED /* PokemonTests.xctest */;
			productType = "com.apple.product-type.bundle.unit-test";
		};
		24FA29081D21C19400B94CED /* PokemonUITests */ = {
			isa = PBXNativeTarget;
			buildConfigurationList = 24FA29181D21C19400B94CED /* Build configuration list for PBXNativeTarget "PokemonUITests" */;
			buildPhases = (
				24FA29051D21C19400B94CED /* Sources */,
				24FA29061D21C19400B94CED /* Frameworks */,
				24FA29071D21C19400B94CED /* Resources */,
			);
			buildRules = (
			);
			dependencies = (
				24FA290B1D21C19400B94CED /* PBXTargetDependency */,
			);
			name = PokemonUITests;
			productName = PokemonUITests;
			productReference = 24FA29091D21C19400B94CED /* PokemonUITests.xctest */;
			productType = "com.apple.product-type.bundle.ui-testing";
		};
/* End PBXNativeTarget section */

/* Begin PBXProject section */
		24FA28DF1D21C19300B94CED /* Project object */ = {
			isa = PBXProject;
			attributes = {
				LastSwiftUpdateCheck = 0730;
				LastUpgradeCheck = 0730;
				ORGANIZATIONNAME = develop;
				TargetAttributes = {
					24FA28E61D21C19400B94CED = {
						CreatedOnToolsVersion = 7.3.1;
					};
					24FA28FD1D21C19400B94CED = {
						CreatedOnToolsVersion = 7.3.1;
						TestTargetID = 24FA28E61D21C19400B94CED;
					};
					24FA29081D21C19400B94CED = {
						CreatedOnToolsVersion = 7.3.1;
						TestTargetID = 24FA28E61D21C19400B94CED;
					};
				};
			};
			buildConfigurationList = 24FA28E21D21C19300B94CED /* Build configuration list for PBXProject "Pokemon" */;
			compatibilityVersion = "Xcode 3.2";
			developmentRegion = English;
			hasScannedForEncodings = 0;
			knownRegions = (
				en,
				Base,
			);
			mainGroup = 24FA28DE1D21C19300B94CED;
			productRefGroup = 24FA28E81D21C19400B94CED /* Products */;
			projectDirPath = "";
			projectRoot = "";
			targets = (
				24FA28E61D21C19400B94CED /* Pokemon */,
				24FA28FD1D21C19400B94CED /* PokemonTests */,
				24FA29081D21C19400B94CED /* PokemonUITests */,
			);
		};
/* End PBXProject section */

/* Begin PBXResourcesBuildPhase section */
		24FA28E51D21C19400B94CED /* Resources */ = {
			isa = PBXResourcesBuildPhase;
			buildActionMask = 2147483647;
			files = (
				24FA28F81D21C19400B94CED /* LaunchScreen.storyboard in Resources */,
				24FA28F51D21C19400B94CED /* Assets.xcassets in Resources */,
				24FA28F01D21C19400B94CED /* Main.storyboard in Resources */,
			);
			runOnlyForDeploymentPostprocessing = 0;
		};
		24FA28FC1D21C19400B94CED /* Resources */ = {
			isa = PBXResourcesBuildPhase;
			buildActionMask = 2147483647;
			files = (
			);
			runOnlyForDeploymentPostprocessing = 0;
		};
		24FA29071D21C19400B94CED /* Resources */ = {
			isa = PBXResourcesBuildPhase;
			buildActionMask = 2147483647;
			files = (
			);
			runOnlyForDeploymentPostprocessing = 0;
		};
/* End PBXResourcesBuildPhase section */

/* Begin PBXSourcesBuildPhase section */
		24FA28E31D21C19400B94CED /* Sources */ = {
			isa = PBXSourcesBuildPhase;
			buildActionMask = 2147483647;
			files = (
				24FA28ED1D21C19400B94CED /* ViewController.swift in Sources */,
				24FA28EB1D21C19400B94CED /* AppDelegate.swift in Sources */,
				24FA28F31D21C19400B94CED /* Pokemon.xcdatamodeld in Sources */,
			);
			runOnlyForDeploymentPostprocessing = 0;
		};
		24FA28FA1D21C19400B94CED /* Sources */ = {
			isa = PBXSourcesBuildPhase;
			buildActionMask = 2147483647;
			files = (
				24FA29031D21C19400B94CED /* PokemonTests.swift in Sources */,
			);
			runOnlyForDeploymentPostprocessing = 0;
		};
		24FA29051D21C19400B94CED /* Sources */ = {
			isa = PBXSourcesBuildPhase;
			buildActionMask = 2147483647;
			files = (
				24FA290E1D21C19400B94CED /* PokemonUITests.swift in Sources */,
			);
			runOnlyForDeploymentPostprocessing = 0;
		};
/* End PBXSourcesBuildPhase section */

/* Begin PBXTargetDependency section */
		24FA29001D21C19400B94CED /* PBXTargetDependency */ = {
			isa = PBXTargetDependency;
			target = 24FA28E61D21C19400B94CED /* Pokemon */;
			targetProxy = 24FA28FF1D21C19400B94CED /* PBXContainerItemProxy */;
		};
		24FA290B1D21C19400B94CED /* PBXTargetDependency */ = {
			isa = PBXTargetDependency;
			target = 24FA28E61D21C19400B94CED /* Pokemon */;
			targetProxy = 24FA290A1D21C19400B94CED /* PBXContainerItemProxy */;
		};
/* End PBXTargetDependency section */

/* Begin PBXVariantGroup section */
		24FA28EE1D21C19400B94CED /* Main.storyboard */ = {
			isa = PBXVariantGroup;
			children = (
				24FA28EF1D21C19400B94CED /* Base */,
			);
			name = Main.storyboard;
			sourceTree = "<group>";
		};
		24FA28F61D21C19400B94CED /* LaunchScreen.storyboard */ = {
			isa = PBXVariantGroup;
			children = (
				24FA28F71D21C19400B94CED /* Base */,
			);
			name = LaunchScreen.storyboard;
			sourceTree = "<group>";
		};
/* End PBXVariantGroup section */

/* Begin XCBuildConfiguration section */
		24FA29101D21C19400B94CED /* Debug */ = {
			isa = XCBuildConfiguration;
			buildSettings = {
				ALWAYS_SEARCH_USER_PATHS = NO;
				CLANG_ANALYZER_NONNULL = YES;
				CLANG_CXX_LANGUAGE_STANDARD = "gnu++0x";
				CLANG_CXX_LIBRARY = "libc++";
				CLANG_ENABLE_MODULES = YES;
				CLANG_ENABLE_OBJC_ARC = YES;
				CLANG_WARN_BOOL_CONVERSION = YES;
				CLANG_WARN_CONSTANT_CONVERSION = YES;
				CLANG_WARN_DIRECT_OBJC_ISA_USAGE = YES_ERROR;
				CLANG_WARN_EMPTY_BODY = YES;
				CLANG_WARN_ENUM_CONVERSION = YES;
				CLANG_WARN_INT_CONVERSION = YES;
				CLANG_WARN_OBJC_ROOT_CLASS = YES_ERROR;
				CLANG_WARN_UNREACHABLE_CODE = YES;
				CLANG_WARN__DUPLICATE_METHOD_MATCH = YES;
				"CODE_SIGN_IDENTITY[sdk=iphoneos*]" = "iPhone Developer";
				COPY_PHASE_STRIP = NO;
				DEBUG_INFORMATION_FORMAT = dwarf;
				ENABLE_STRICT_OBJC_MSGSEND = YES;
				ENABLE_TESTABILITY = YES;
				GCC_C_LANGUAGE_STANDARD = gnu99;
				GCC_DYNAMIC_NO_PIC = NO;
				GCC_NO_COMMON_BLOCKS = YES;
				GCC_OPTIMIZATION_LEVEL = 0;
				GCC_PREPROCESSOR_DEFINITIONS = (
					"DEBUG=1",
					"$(inherited)",
				);
				GCC_WARN_64_TO_32_BIT_CONVERSION = YES;
				GCC_WARN_ABOUT_RETURN_TYPE = YES_ERROR;
				GCC_WARN_UNDECLARED_SELECTOR = YES;
				GCC_WARN_UNINITIALIZED_AUTOS = YES_AGGRESSIVE;
				GCC_WARN_UNUSED_FUNCTION = YES;
				GCC_WARN_UNUSED_VARIABLE = YES;
				IPHONEOS_DEPLOYMENT_TARGET = 9.3;
				MTL_ENABLE_DEBUG_INFO = YES;
				ONLY_ACTIVE_ARCH = YES;
				SDKROOT = iphoneos;
				SWIFT_OPTIMIZATION_LEVEL = "-Onone";
			};
			name = Debug;
		};
		24FA29111D21C19400B94CED /* Release */ = {
			isa = XCBuildConfiguration;
			buildSettings = {
				ALWAYS_SEARCH_USER_PATHS = NO;
				CLANG_ANALYZER_NONNULL = YES;
				CLANG_CXX_LANGUAGE_STANDARD = "gnu++0x";
				CLANG_CXX_LIBRARY = "libc++";
				CLANG_ENABLE_MODULES = YES;
				CLANG_ENABLE_OBJC_ARC = YES;
				CLANG_WARN_BOOL_CONVERSION = YES;
				CLANG_WARN_CONSTANT_CONVERSION = YES;
				CLANG_WARN_DIRECT_OBJC_ISA_USAGE = YES_ERROR;
				CLANG_WARN_EMPTY_BODY = YES;
				CLANG_WARN_ENUM_CONVERSION = YES;
				CLANG_WARN_INT_CONVERSION = YES;
				CLANG_WARN_OBJC_ROOT_CLASS = YES_ERROR;
				CLANG_WARN_UNREACHABLE_CODE = YES;
				CLANG_WARN__DUPLICATE_METHOD_MATCH = YES;
				"CODE_SIGN_IDENTITY[sdk=iphoneos*]" = "iPhone Developer";
				COPY_PHASE_STRIP = NO;
				DEBUG_INFORMATION_FORMAT = "dwarf-with-dsym";
				ENABLE_NS_ASSERTIONS = NO;
				ENABLE_STRICT_OBJC_MSGSEND = YES;
				GCC_C_LANGUAGE_STANDARD = gnu99;
				GCC_NO_COMMON_BLOCKS = YES;
				GCC_WARN_64_TO_32_BIT_CONVERSION = YES;
				GCC_WARN_ABOUT_RETURN_TYPE = YES_ERROR;
				GCC_WARN_UNDECLARED_SELECTOR = YES;
				GCC_WARN_UNINITIALIZED_AUTOS = YES_AGGRESSIVE;
				GCC_WARN_UNUSED_FUNCTION = YES;
				GCC_WARN_UNUSED_VARIABLE = YES;
				IPHONEOS_DEPLOYMENT_TARGET = 9.3;
				MTL_ENABLE_DEBUG_INFO = NO;
				SDKROOT = iphoneos;
				VALIDATE_PRODUCT = YES;
			};
			name = Release;
		};
		24FA29131D21C19400B94CED /* Debug */ = {
			isa = XCBuildConfiguration;
			buildSettings = {
				ASSETCATALOG_COMPILER_APPICON_NAME = AppIcon;
				INFOPLIST_FILE = Pokemon/Info.plist;
				LD_RUNPATH_SEARCH_PATHS = "$(inherited) @executable_path/Frameworks";
				PRODUCT_BUNDLE_IDENTIFIER = com.develop.Pokemon;
				PRODUCT_NAME = "$(TARGET_NAME)";
			};
			name = Debug;
		};
		24FA29141D21C19400B94CED /* Release */ = {
			isa = XCBuildConfiguration;
			buildSettings = {
				ASSETCATALOG_COMPILER_APPICON_NAME = AppIcon;
				INFOPLIST_FILE = Pokemon/Info.plist;
				LD_RUNPATH_SEARCH_PATHS = "$(inherited) @executable_path/Frameworks";
				PRODUCT_BUNDLE_IDENTIFIER = com.develop.Pokemon;
				PRODUCT_NAME = "$(TARGET_NAME)";
			};
			name = Release;
		};
		24FA29161D21C19400B94CED /* Debug */ = {
			isa = XCBuildConfiguration;
			buildSettings = {
				BUNDLE_LOADER = "$(TEST_HOST)";
				INFOPLIST_FILE = PokemonTests/Info.plist;
				LD_RUNPATH_SEARCH_PATHS = "$(inherited) @executable_path/Frameworks @loader_path/Frameworks";
				PRODUCT_BUNDLE_IDENTIFIER = com.develop.PokemonTests;
				PRODUCT_NAME = "$(TARGET_NAME)";
				TEST_HOST = "$(BUILT_PRODUCTS_DIR)/Pokemon.app/Pokemon";
			};
			name = Debug;
		};
		24FA29171D21C19400B94CED /* Release */ = {
			isa = XCBuildConfiguration;
			buildSettings = {
				BUNDLE_LOADER = "$(TEST_HOST)";
				INFOPLIST_FILE = PokemonTests/Info.plist;
				LD_RUNPATH_SEARCH_PATHS = "$(inherited) @executable_path/Frameworks @loader_path/Frameworks";
				PRODUCT_BUNDLE_IDENTIFIER = com.develop.PokemonTests;
				PRODUCT_NAME = "$(TARGET_NAME)";
				TEST_HOST = "$(BUILT_PRODUCTS_DIR)/Pokemon.app/Pokemon";
			};
			name = Release;
		};
		24FA29191D21C19400B94CED /* Debug */ = {
			isa = XCBuildConfiguration;
			buildSettings = {
				INFOPLIST_FILE = PokemonUITests/Info.plist;
				LD_RUNPATH_SEARCH_PATHS = "$(inherited) @executable_path/Frameworks @loader_path/Frameworks";
				PRODUCT_BUNDLE_IDENTIFIER = com.develop.PokemonUITests;
				PRODUCT_NAME = "$(TARGET_NAME)";
				TEST_TARGET_NAME = Pokemon;
			};
			name = Debug;
		};
		24FA291A1D21C19400B94CED /* Release */ = {
			isa = XCBuildConfiguration;
			buildSettings = {
				INFOPLIST_FILE = PokemonUITests/Info.plist;
				LD_RUNPATH_SEARCH_PATHS = "$(inherited) @executable_path/Frameworks @loader_path/Frameworks";
				PRODUCT_BUNDLE_IDENTIFIER = com.develop.PokemonUITests;
				PRODUCT_NAME = "$(TARGET_NAME)";
				TEST_TARGET_NAME = Pokemon;
			};
			name = Release;
		};
/* End XCBuildConfiguration section */

/* Begin XCConfigurationList section */
		24FA28E21D21C19300B94CED /* Build configuration list for PBXProject "Pokemon" */ = {
			isa = XCConfigurationList;
			buildConfigurations = (
				24FA29101D21C19400B94CED /* Debug */,
				24FA29111D21C19400B94CED /* Release */,
			);
			defaultConfigurationIsVisible = 0;
			defaultConfigurationName = Release;
		};
		24FA29121D21C19400B94CED /* Build configuration list for PBXNativeTarget "Pokemon" */ = {
			isa = XCConfigurationList;
			buildConfigurations = (
				24FA29131D21C19400B94CED /* Debug */,
				24FA29141D21C19400B94CED /* Release */,
			);
			defaultConfigurationIsVisible = 0;
		};
		24FA29151D21C19400B94CED /* Build configuration list for PBXNativeTarget "PokemonTests" */ = {
			isa = XCConfigurationList;
			buildConfigurations = (
				24FA29161D21C19400B94CED /* Debug */,
				24FA29171D21C19400B94CED /* Release */,
			);
			defaultConfigurationIsVisible = 0;
		};
		24FA29181D21C19400B94CED /* Build configuration list for PBXNativeTarget "PokemonUITests" */ = {
			isa = XCConfigurationList;
			buildConfigurations = (
				24FA29191D21C19400B94CED /* Debug */,
				24FA291A1D21C19400B94CED /* Release */,
			);
			defaultConfigurationIsVisible = 0;
		};
/* End XCConfigurationList section */

/* Begin XCVersionGroup section */
		24FA28F11D21C19400B94CED /* Pokemon.xcdatamodeld */ = {
			isa = XCVersionGroup;
			children = (
				24FA28F21D21C19400B94CED /* Pokemon.xcdatamodel */,
			);
			currentVersion = 24FA28F21D21C19400B94CED /* Pokemon.xcdatamodel */;
			path = Pokemon.xcdatamodeld;
			sourceTree = "<group>";
			versionGroupType = wrapper.xcdatamodel;
		};
/* End XCVersionGroup section */
	};
	rootObject = 24FA28DF1D21C19300B94CED /* Project object */;
}
